
Microsoft Visual Studio Solution File, Format Version 12.00
# Visual Studio Version 16
VisualStudioVersion = 16.6.30114.105
MinimumVisualStudioVersion = 10.0.40219.1
Project("{2150E333-8FDC-42A3-9474-1A3956D46DE8}") = "Services", "Services", "{71DB8EBA-6927-466E-82C2-F7D8CD3145E5}"
EndProject
Project("{2150E333-8FDC-42A3-9474-1A3956D46DE8}") = "Catalog", "Catalog", "{D8B6718F-B38A-4849-833A-6B207C30652E}"
EndProject
Project("{9A19103F-16F7-4668-BE54-9A1E7A4F7556}") = "Catalog.API", "src\Catalog.API\Catalog.API.csproj", "{687E8D57-4456-4504-83F7-FB51530DC076}"
EndProject
Global
	GlobalSection(SolutionConfigurationPlatforms) = preSolution
		Debug|Any CPU = Debug|Any CPU
		Release|Any CPU = Release|Any CPU
	EndGlobalSection
	GlobalSection(ProjectConfigurationPlatforms) = postSolution
		{687E8D57-4456-4504-83F7-FB51530DC076}.Debug|Any CPU.ActiveCfg = Debug|Any CPU
		{687E8D57-4456-4504-83F7-FB51530DC076}.Debug|Any CPU.Build.0 = Debug|Any CPU
		{687E8D57-4456-4504-83F7-FB51530DC076}.Release|Any CPU.ActiveCfg = Release|Any CPU
		{687E8D57-4456-4504-83F7-FB51530DC076}.Release|Any CPU.Build.0 = Release|Any CPU
	EndGlobalSection
	GlobalSection(SolutionProperties) = preSolution
		HideSolutionNode = FALSE
	EndGlobalSection
	GlobalSection(NestedProjects) = preSolution
		{D8B6718F-B38A-4849-833A-6B207C30652E} = {71DB8EBA-6927-466E-82C2-F7D8CD3145E5}
		{687E8D57-4456-4504-83F7-FB51530DC076} = {D8B6718F-B38A-4849-833A-6B207C30652E}
	EndGlobalSection
	GlobalSection(ExtensibilityGlobals) = postSolution
		SolutionGuid = {26C6052E-E613-4565-A1DF-A0299CF455C8}
	EndGlobalSection
EndGlobal
