
Microsoft Visual Studio Solution File, Format Version 12.00
# Visual Studio Version 17
VisualStudioVersion = 17.1.32319.34
MinimumVisualStudioVersion = 10.0.40219.1
Project("{2150E333-8FDC-42A3-9474-1A3956D46DE8}") = "Services", "Services", "{9EA11A06-CF76-41C9-937C-EFA6E25EE8F4}"
EndProject
Project("{2150E333-8FDC-42A3-9474-1A3956D46DE8}") = "Catalog", "Catalog", "{300327AB-28AA-4582-8F7F-A26ABDE351BC}"
EndProject
Project("{2150E333-8FDC-42A3-9474-1A3956D46DE8}") = "Basket", "Basket", "{B412FF09-D1F3-4565-84CE-75CED8A7D36D}"
EndProject
Project("{9A19103F-16F7-4668-BE54-9A1E7A4F7556}") = "Catalog.API", "Services\Catalog\Catalog.API\Catalog.API.csproj", "{11A3E064-4C64-485C-B689-1F31D372AF24}"
EndProject
Project("{9A19103F-16F7-4668-BE54-9A1E7A4F7556}") = "Basket.API", "Services\Basket\Basket.API\Basket.API.csproj", "{363B7F2C-ACEF-4698-9F60-42A7663ED6C5}"
EndProject
Project("{E53339B2-1760-4266-BCC7-CA923CBCF16C}") = "docker-compose", "docker-compose.dcproj", "{52BB9DDA-D24E-4281-B6AA-52CC08E1FDF0}"
EndProject
Project("{2150E333-8FDC-42A3-9474-1A3956D46DE8}") = "Discount", "Discount", "{62B348DC-62AC-4739-9BB6-F384D3490B9F}"
EndProject
Project("{9A19103F-16F7-4668-BE54-9A1E7A4F7556}") = "Discount.API", "Services\Discount\Discount.API\Discount.API.csproj", "{1C73B436-E153-40C3-B0D8-D95AF8601284}"
EndProject
Project("{9A19103F-16F7-4668-BE54-9A1E7A4F7556}") = "Discount.Grpc", "Services\Discount\Discount.Grpc\Discount.Grpc.csproj", "{B135DF0A-36C7-4C3C-B1A7-CD1E3B3BEB95}"
EndProject
Project("{2150E333-8FDC-42A3-9474-1A3956D46DE8}") = "Solution Items", "Solution Items", "{68D3A4AB-C065-470B-85B6-FC5093A7ABDD}"
	ProjectSection(SolutionItems) = preProject
		..\README.md = ..\README.md
	EndProjectSection
EndProject
Project("{2150E333-8FDC-42A3-9474-1A3956D46DE8}") = "Ordering", "Ordering", "{1C68C118-10A7-4137-A073-E51928383C28}"
EndProject
Project("{FAE04EC0-301F-11D3-BF4B-00C04F79EFBC}") = "Ordering.API", "Services\Ordering\Ordering.API\Ordering.API.csproj", "{C9FF064E-D560-4E94-98DF-9D9A2536F155}"
EndProject
Project("{FAE04EC0-301F-11D3-BF4B-00C04F79EFBC}") = "Ordering.Domain", "Services\Ordering\Ordering.Domain\Ordering.Domain.csproj", "{EA4A1C7C-98B8-468B-B028-B14B979DC2B9}"
EndProject
Project("{FAE04EC0-301F-11D3-BF4B-00C04F79EFBC}") = "Ordering.Application", "Services\Ordering\Ordering.Application\Ordering.Application.csproj", "{CC1640F4-0374-4ADB-8BEB-CC1AF60016A1}"
EndProject
Project("{FAE04EC0-301F-11D3-BF4B-00C04F79EFBC}") = "Ordering.Infrastructure", "Services\Ordering\Ordering.Infrastructure\Ordering.Infrastructure.csproj", "{DB977850-5C97-4CBB-947B-0C1E2C903ED8}"
EndProject
Global
	GlobalSection(SolutionConfigurationPlatforms) = preSolution
		Debug|Any CPU = Debug|Any CPU
		Debug|x64 = Debug|x64
		Debug|x86 = Debug|x86
		Release|Any CPU = Release|Any CPU
		Release|x64 = Release|x64
		Release|x86 = Release|x86
	EndGlobalSection
	GlobalSection(ProjectConfigurationPlatforms) = postSolution
		{11A3E064-4C64-485C-B689-1F31D372AF24}.Debug|Any CPU.ActiveCfg = Debug|Any CPU
		{11A3E064-4C64-485C-B689-1F31D372AF24}.Debug|Any CPU.Build.0 = Debug|Any CPU
		{11A3E064-4C64-485C-B689-1F31D372AF24}.Debug|x64.ActiveCfg = Debug|Any CPU
		{11A3E064-4C64-485C-B689-1F31D372AF24}.Debug|x64.Build.0 = Debug|Any CPU
		{11A3E064-4C64-485C-B689-1F31D372AF24}.Debug|x86.ActiveCfg = Debug|Any CPU
		{11A3E064-4C64-485C-B689-1F31D372AF24}.Debug|x86.Build.0 = Debug|Any CPU
		{11A3E064-4C64-485C-B689-1F31D372AF24}.Release|Any CPU.ActiveCfg = Release|Any CPU
		{11A3E064-4C64-485C-B689-1F31D372AF24}.Release|Any CPU.Build.0 = Release|Any CPU
		{11A3E064-4C64-485C-B689-1F31D372AF24}.Release|x64.ActiveCfg = Release|Any CPU
		{11A3E064-4C64-485C-B689-1F31D372AF24}.Release|x64.Build.0 = Release|Any CPU
		{11A3E064-4C64-485C-B689-1F31D372AF24}.Release|x86.ActiveCfg = Release|Any CPU
		{11A3E064-4C64-485C-B689-1F31D372AF24}.Release|x86.Build.0 = Release|Any CPU
		{363B7F2C-ACEF-4698-9F60-42A7663ED6C5}.Debug|Any CPU.ActiveCfg = Debug|Any CPU
		{363B7F2C-ACEF-4698-9F60-42A7663ED6C5}.Debug|Any CPU.Build.0 = Debug|Any CPU
		{363B7F2C-ACEF-4698-9F60-42A7663ED6C5}.Debug|x64.ActiveCfg = Debug|Any CPU
		{363B7F2C-ACEF-4698-9F60-42A7663ED6C5}.Debug|x64.Build.0 = Debug|Any CPU
		{363B7F2C-ACEF-4698-9F60-42A7663ED6C5}.Debug|x86.ActiveCfg = Debug|Any CPU
		{363B7F2C-ACEF-4698-9F60-42A7663ED6C5}.Debug|x86.Build.0 = Debug|Any CPU
		{363B7F2C-ACEF-4698-9F60-42A7663ED6C5}.Release|Any CPU.ActiveCfg = Release|Any CPU
		{363B7F2C-ACEF-4698-9F60-42A7663ED6C5}.Release|Any CPU.Build.0 = Release|Any CPU
		{363B7F2C-ACEF-4698-9F60-42A7663ED6C5}.Release|x64.ActiveCfg = Release|Any CPU
		{363B7F2C-ACEF-4698-9F60-42A7663ED6C5}.Release|x64.Build.0 = Release|Any CPU
		{363B7F2C-ACEF-4698-9F60-42A7663ED6C5}.Release|x86.ActiveCfg = Release|Any CPU
		{363B7F2C-ACEF-4698-9F60-42A7663ED6C5}.Release|x86.Build.0 = Release|Any CPU
		{52BB9DDA-D24E-4281-B6AA-52CC08E1FDF0}.Debug|Any CPU.ActiveCfg = Debug|Any CPU
		{52BB9DDA-D24E-4281-B6AA-52CC08E1FDF0}.Debug|Any CPU.Build.0 = Debug|Any CPU
		{52BB9DDA-D24E-4281-B6AA-52CC08E1FDF0}.Debug|x64.ActiveCfg = Debug|Any CPU
		{52BB9DDA-D24E-4281-B6AA-52CC08E1FDF0}.Debug|x64.Build.0 = Debug|Any CPU
		{52BB9DDA-D24E-4281-B6AA-52CC08E1FDF0}.Debug|x86.ActiveCfg = Debug|Any CPU
		{52BB9DDA-D24E-4281-B6AA-52CC08E1FDF0}.Debug|x86.Build.0 = Debug|Any CPU
		{52BB9DDA-D24E-4281-B6AA-52CC08E1FDF0}.Release|Any CPU.ActiveCfg = Release|Any CPU
		{52BB9DDA-D24E-4281-B6AA-52CC08E1FDF0}.Release|Any CPU.Build.0 = Release|Any CPU
		{52BB9DDA-D24E-4281-B6AA-52CC08E1FDF0}.Release|x64.ActiveCfg = Release|Any CPU
		{52BB9DDA-D24E-4281-B6AA-52CC08E1FDF0}.Release|x64.Build.0 = Release|Any CPU
		{52BB9DDA-D24E-4281-B6AA-52CC08E1FDF0}.Release|x86.ActiveCfg = Release|Any CPU
		{52BB9DDA-D24E-4281-B6AA-52CC08E1FDF0}.Release|x86.Build.0 = Release|Any CPU
		{1C73B436-E153-40C3-B0D8-D95AF8601284}.Debug|Any CPU.ActiveCfg = Debug|Any CPU
		{1C73B436-E153-40C3-B0D8-D95AF8601284}.Debug|Any CPU.Build.0 = Debug|Any CPU
		{1C73B436-E153-40C3-B0D8-D95AF8601284}.Debug|x64.ActiveCfg = Debug|Any CPU
		{1C73B436-E153-40C3-B0D8-D95AF8601284}.Debug|x64.Build.0 = Debug|Any CPU
		{1C73B436-E153-40C3-B0D8-D95AF8601284}.Debug|x86.ActiveCfg = Debug|Any CPU
		{1C73B436-E153-40C3-B0D8-D95AF8601284}.Debug|x86.Build.0 = Debug|Any CPU
		{1C73B436-E153-40C3-B0D8-D95AF8601284}.Release|Any CPU.ActiveCfg = Release|Any CPU
		{1C73B436-E153-40C3-B0D8-D95AF8601284}.Release|Any CPU.Build.0 = Release|Any CPU
		{1C73B436-E153-40C3-B0D8-D95AF8601284}.Release|x64.ActiveCfg = Release|Any CPU
		{1C73B436-E153-40C3-B0D8-D95AF8601284}.Release|x64.Build.0 = Release|Any CPU
		{1C73B436-E153-40C3-B0D8-D95AF8601284}.Release|x86.ActiveCfg = Release|Any CPU
		{1C73B436-E153-40C3-B0D8-D95AF8601284}.Release|x86.Build.0 = Release|Any CPU
		{B135DF0A-36C7-4C3C-B1A7-CD1E3B3BEB95}.Debug|Any CPU.ActiveCfg = Debug|Any CPU
		{B135DF0A-36C7-4C3C-B1A7-CD1E3B3BEB95}.Debug|Any CPU.Build.0 = Debug|Any CPU
		{B135DF0A-36C7-4C3C-B1A7-CD1E3B3BEB95}.Debug|x64.ActiveCfg = Debug|Any CPU
		{B135DF0A-36C7-4C3C-B1A7-CD1E3B3BEB95}.Debug|x64.Build.0 = Debug|Any CPU
		{B135DF0A-36C7-4C3C-B1A7-CD1E3B3BEB95}.Debug|x86.ActiveCfg = Debug|Any CPU
		{B135DF0A-36C7-4C3C-B1A7-CD1E3B3BEB95}.Debug|x86.Build.0 = Debug|Any CPU
		{B135DF0A-36C7-4C3C-B1A7-CD1E3B3BEB95}.Release|Any CPU.ActiveCfg = Release|Any CPU
		{B135DF0A-36C7-4C3C-B1A7-CD1E3B3BEB95}.Release|Any CPU.Build.0 = Release|Any CPU
		{B135DF0A-36C7-4C3C-B1A7-CD1E3B3BEB95}.Release|x64.ActiveCfg = Release|Any CPU
		{B135DF0A-36C7-4C3C-B1A7-CD1E3B3BEB95}.Release|x64.Build.0 = Release|Any CPU
		{B135DF0A-36C7-4C3C-B1A7-CD1E3B3BEB95}.Release|x86.ActiveCfg = Release|Any CPU
		{B135DF0A-36C7-4C3C-B1A7-CD1E3B3BEB95}.Release|x86.Build.0 = Release|Any CPU
		{C9FF064E-D560-4E94-98DF-9D9A2536F155}.Debug|Any CPU.ActiveCfg = Debug|Any CPU
		{C9FF064E-D560-4E94-98DF-9D9A2536F155}.Debug|Any CPU.Build.0 = Debug|Any CPU
		{C9FF064E-D560-4E94-98DF-9D9A2536F155}.Debug|x64.ActiveCfg = Debug|Any CPU
		{C9FF064E-D560-4E94-98DF-9D9A2536F155}.Debug|x64.Build.0 = Debug|Any CPU
		{C9FF064E-D560-4E94-98DF-9D9A2536F155}.Debug|x86.ActiveCfg = Debug|Any CPU
		{C9FF064E-D560-4E94-98DF-9D9A2536F155}.Debug|x86.Build.0 = Debug|Any CPU
		{C9FF064E-D560-4E94-98DF-9D9A2536F155}.Release|Any CPU.ActiveCfg = Release|Any CPU
		{C9FF064E-D560-4E94-98DF-9D9A2536F155}.Release|Any CPU.Build.0 = Release|Any CPU
		{C9FF064E-D560-4E94-98DF-9D9A2536F155}.Release|x64.ActiveCfg = Release|Any CPU
		{C9FF064E-D560-4E94-98DF-9D9A2536F155}.Release|x64.Build.0 = Release|Any CPU
		{C9FF064E-D560-4E94-98DF-9D9A2536F155}.Release|x86.ActiveCfg = Release|Any CPU
		{C9FF064E-D560-4E94-98DF-9D9A2536F155}.Release|x86.Build.0 = Release|Any CPU
		{EA4A1C7C-98B8-468B-B028-B14B979DC2B9}.Debug|Any CPU.ActiveCfg = Debug|Any CPU
		{EA4A1C7C-98B8-468B-B028-B14B979DC2B9}.Debug|Any CPU.Build.0 = Debug|Any CPU
		{EA4A1C7C-98B8-468B-B028-B14B979DC2B9}.Debug|x64.ActiveCfg = Debug|Any CPU
		{EA4A1C7C-98B8-468B-B028-B14B979DC2B9}.Debug|x64.Build.0 = Debug|Any CPU
		{EA4A1C7C-98B8-468B-B028-B14B979DC2B9}.Debug|x86.ActiveCfg = Debug|Any CPU
		{EA4A1C7C-98B8-468B-B028-B14B979DC2B9}.Debug|x86.Build.0 = Debug|Any CPU
		{EA4A1C7C-98B8-468B-B028-B14B979DC2B9}.Release|Any CPU.ActiveCfg = Release|Any CPU
		{EA4A1C7C-98B8-468B-B028-B14B979DC2B9}.Release|Any CPU.Build.0 = Release|Any CPU
		{EA4A1C7C-98B8-468B-B028-B14B979DC2B9}.Release|x64.ActiveCfg = Release|Any CPU
		{EA4A1C7C-98B8-468B-B028-B14B979DC2B9}.Release|x64.Build.0 = Release|Any CPU
		{EA4A1C7C-98B8-468B-B028-B14B979DC2B9}.Release|x86.ActiveCfg = Release|Any CPU
		{EA4A1C7C-98B8-468B-B028-B14B979DC2B9}.Release|x86.Build.0 = Release|Any CPU
		{CC1640F4-0374-4ADB-8BEB-CC1AF60016A1}.Debug|Any CPU.ActiveCfg = Debug|Any CPU
		{CC1640F4-0374-4ADB-8BEB-CC1AF60016A1}.Debug|Any CPU.Build.0 = Debug|Any CPU
		{CC1640F4-0374-4ADB-8BEB-CC1AF60016A1}.Debug|x64.ActiveCfg = Debug|Any CPU
		{CC1640F4-0374-4ADB-8BEB-CC1AF60016A1}.Debug|x64.Build.0 = Debug|Any CPU
		{CC1640F4-0374-4ADB-8BEB-CC1AF60016A1}.Debug|x86.ActiveCfg = Debug|Any CPU
		{CC1640F4-0374-4ADB-8BEB-CC1AF60016A1}.Debug|x86.Build.0 = Debug|Any CPU
		{CC1640F4-0374-4ADB-8BEB-CC1AF60016A1}.Release|Any CPU.ActiveCfg = Release|Any CPU
		{CC1640F4-0374-4ADB-8BEB-CC1AF60016A1}.Release|Any CPU.Build.0 = Release|Any CPU
		{CC1640F4-0374-4ADB-8BEB-CC1AF60016A1}.Release|x64.ActiveCfg = Release|Any CPU
		{CC1640F4-0374-4ADB-8BEB-CC1AF60016A1}.Release|x64.Build.0 = Release|Any CPU
		{CC1640F4-0374-4ADB-8BEB-CC1AF60016A1}.Release|x86.ActiveCfg = Release|Any CPU
		{CC1640F4-0374-4ADB-8BEB-CC1AF60016A1}.Release|x86.Build.0 = Release|Any CPU
		{DB977850-5C97-4CBB-947B-0C1E2C903ED8}.Debug|Any CPU.ActiveCfg = Debug|Any CPU
		{DB977850-5C97-4CBB-947B-0C1E2C903ED8}.Debug|Any CPU.Build.0 = Debug|Any CPU
		{DB977850-5C97-4CBB-947B-0C1E2C903ED8}.Debug|x64.ActiveCfg = Debug|Any CPU
		{DB977850-5C97-4CBB-947B-0C1E2C903ED8}.Debug|x64.Build.0 = Debug|Any CPU
		{DB977850-5C97-4CBB-947B-0C1E2C903ED8}.Debug|x86.ActiveCfg = Debug|Any CPU
		{DB977850-5C97-4CBB-947B-0C1E2C903ED8}.Debug|x86.Build.0 = Debug|Any CPU
		{DB977850-5C97-4CBB-947B-0C1E2C903ED8}.Release|Any CPU.ActiveCfg = Release|Any CPU
		{DB977850-5C97-4CBB-947B-0C1E2C903ED8}.Release|Any CPU.Build.0 = Release|Any CPU
		{DB977850-5C97-4CBB-947B-0C1E2C903ED8}.Release|x64.ActiveCfg = Release|Any CPU
		{DB977850-5C97-4CBB-947B-0C1E2C903ED8}.Release|x64.Build.0 = Release|Any CPU
		{DB977850-5C97-4CBB-947B-0C1E2C903ED8}.Release|x86.ActiveCfg = Release|Any CPU
		{DB977850-5C97-4CBB-947B-0C1E2C903ED8}.Release|x86.Build.0 = Release|Any CPU
	EndGlobalSection
	GlobalSection(SolutionProperties) = preSolution
		HideSolutionNode = FALSE
	EndGlobalSection
	GlobalSection(NestedProjects) = preSolution
		{300327AB-28AA-4582-8F7F-A26ABDE351BC} = {9EA11A06-CF76-41C9-937C-EFA6E25EE8F4}
		{B412FF09-D1F3-4565-84CE-75CED8A7D36D} = {9EA11A06-CF76-41C9-937C-EFA6E25EE8F4}
		{11A3E064-4C64-485C-B689-1F31D372AF24} = {300327AB-28AA-4582-8F7F-A26ABDE351BC}
		{363B7F2C-ACEF-4698-9F60-42A7663ED6C5} = {B412FF09-D1F3-4565-84CE-75CED8A7D36D}
		{62B348DC-62AC-4739-9BB6-F384D3490B9F} = {9EA11A06-CF76-41C9-937C-EFA6E25EE8F4}
		{1C73B436-E153-40C3-B0D8-D95AF8601284} = {62B348DC-62AC-4739-9BB6-F384D3490B9F}
		{B135DF0A-36C7-4C3C-B1A7-CD1E3B3BEB95} = {62B348DC-62AC-4739-9BB6-F384D3490B9F}
		{1C68C118-10A7-4137-A073-E51928383C28} = {9EA11A06-CF76-41C9-937C-EFA6E25EE8F4}
		{C9FF064E-D560-4E94-98DF-9D9A2536F155} = {1C68C118-10A7-4137-A073-E51928383C28}
		{EA4A1C7C-98B8-468B-B028-B14B979DC2B9} = {1C68C118-10A7-4137-A073-E51928383C28}
		{CC1640F4-0374-4ADB-8BEB-CC1AF60016A1} = {1C68C118-10A7-4137-A073-E51928383C28}
		{DB977850-5C97-4CBB-947B-0C1E2C903ED8} = {1C68C118-10A7-4137-A073-E51928383C28}
	EndGlobalSection
	GlobalSection(ExtensibilityGlobals) = postSolution
		SolutionGuid = {BBBE56A5-4BC9-47C8-A3C8-54C594F1411C}
	EndGlobalSection
EndGlobal
